<?xml version="1.0" encoding="UTF-8" standalone="yes" ?>
<CodeBlocks_project_file>
	<FileVersion major="1" minor="6" />
	<Project>
		<Option title="RayTraceEngine" />
		<Option pch_mode="2" />
		<Option compiler="gcc" />
		<Build>
			<Target title="Debug">
				<Option output="bin/Debug/RayTraceEngine" prefix_auto="1" extension_auto="1" />
				<Option object_output="obj/Debug/" />
				<Option type="1" />
				<Option compiler="gcc" />
				<Compiler>
					<Add option="-g" />
					<Add directory="include" />
				</Compiler>
			</Target>
			<Target title="Release">
				<Option output="bin/Release/RayTraceEngine" prefix_auto="1" extension_auto="1" />
				<Option object_output="obj/Release/" />
				<Option type="1" />
				<Option compiler="gcc" />
				<Compiler>
					<Add option="-O2" />
					<Add directory="include" />
				</Compiler>
				<Linker>
					<Add option="-s" />
				</Linker>
			</Target>
			<Target title="library">
				<Option output="RayTraceEngine" prefix_auto="1" extension_auto="1" />
				<Option type="3" />
				<Option compiler="gcc" />
				<Option host_application="/home/daan/projects/SpaceGame/bin/Debug/SpaceGame" />
				<Option run_host_application_in_terminal="1" />
				<Option createDefFile="1" />
				<Option createStaticLib="1" />
				<Compiler>
					<Add option="-fPIC" />
					<Add directory="include" />
				</Compiler>
			</Target>
		</Build>
		<Compiler>
			<Add option="-Wall" />
			<Add option="-m64" />
			<Add directory="include" />
		</Compiler>
		<Linker>
			<Add option="-m64" />
			<Add option="-lglfw" />
			<Add option="-lGL" />
			<Add option="-lX11" />
			<Add option="-lpthread" />
			<Add option="-lXrandr" />
			<Add option="-ldl" />
			<Add directory="src" />
		</Linker>
		<Unit filename="include/KHR/khrplatform.h" />
		<Unit filename="include/Triangle.h" />
		<Unit filename="include/glad/glad.h" />
		<Unit filename="include/material.h" />
		<Unit filename="include/matrix4x4.h" />
		<Unit filename="include/mesh.h" />
		<Unit filename="include/objloader.h" />
		<Unit filename="include/pixeldata.h" />
		<Unit filename="include/raytracecontext.h" />
		<Unit filename="include/raytraceengine.h" />
		<Unit filename="include/rtobject.h" />
		<Unit filename="include/rtwindow.h" />
		<Unit filename="include/texture.h" />
		<Unit filename="include/tree.h" />
		<Unit filename="include/treevisualiser.h" />
		<Unit filename="include/vertex.h" />
		<Unit filename="src/Triangle.cpp" />
		<Unit filename="src/fragmentshader.glsl" />
		<Unit filename="src/glad.c">
			<Option compilerVar="CC" />
		</Unit>
		<Unit filename="src/material.cpp" />
		<Unit filename="src/matrix4x4.cpp" />
		<Unit filename="src/mesh.cpp" />
		<Unit filename="src/objloader.cpp" />
		<Unit filename="src/pixeldata.cpp" />
		<Unit filename="src/raytracecontext.cpp" />
		<Unit filename="src/raytraceengine.cpp" />
		<Unit filename="src/rtobject.cpp" />
		<Unit filename="src/texture.cpp" />
		<Unit filename="src/tree.cpp" />
		<Unit filename="src/treevisualiser.cpp" />
		<Unit filename="src/vertex.cpp" />
		<Unit filename="src/vertexshader.glsl" />
		<Extensions>
			<code_completion />
			<debugger />
		</Extensions>
	</Project>
</CodeBlocks_project_file>
